// !$*UTF8*$!
{
	archiveVersion = 1;
	classes = {
	};
	objectVersion = 46;
	objects = {

/* Begin PBXBuildFile section */
		7DAB98581DBC4989007F89E1 /* AppDelegate.swift in Sources */ = {isa = PBXBuildFile; fileRef = 7DAB98571DBC4989007F89E1 /* AppDelegate.swift */; };
		7DAB985A1DBC4989007F89E1 /* ViewController.swift in Sources */ = {isa = PBXBuildFile; fileRef = 7DAB98591DBC4989007F89E1 /* ViewController.swift */; };
		7DAB985D1DBC4989007F89E1 /* Main.storyboard in Resources */ = {isa = PBXBuildFile; fileRef = 7DAB985B1DBC4989007F89E1 /* Main.storyboard */; };
		7DAB985F1DBC4989007F89E1 /* Assets.xcassets in Resources */ = {isa = PBXBuildFile; fileRef = 7DAB985E1DBC4989007F89E1 /* Assets.xcassets */; };
		7DAB98621DBC4989007F89E1 /* LaunchScreen.storyboard in Resources */ = {isa = PBXBuildFile; fileRef = 7DAB98601DBC4989007F89E1 /* LaunchScreen.storyboard */; };
		7DAB986A1DBC4A46007F89E1 /* GoogleService-Info.plist in Resources */ = {isa = PBXBuildFile; fileRef = 7DAB98691DBC4A46007F89E1 /* GoogleService-Info.plist */; };
		D17B4F17CA09A766523ECA7D /* Pods_poke_finder.framework in Frameworks */ = {isa = PBXBuildFile; fileRef = EE84B6505CFE24699DF0BD72 /* Pods_poke_finder.framework */; };
/* End PBXBuildFile section */

/* Begin PBXFileReference section */
		71A2856CE68AEFC78E099B22 /* Pods-poke-finder.debug.xcconfig */ = {isa = PBXFileReference; includeInIndex = 1; lastKnownFileType = text.xcconfig; name = "Pods-poke-finder.debug.xcconfig"; path = "Pods/Target Support Files/Pods-poke-finder/Pods-poke-finder.debug.xcconfig"; sourceTree = "<group>"; };
		7DAB98541DBC4989007F89E1 /* poke-finder.app */ = {isa = PBXFileReference; explicitFileType = wrapper.application; includeInIndex = 0; path = "poke-finder.app"; sourceTree = BUILT_PRODUCTS_DIR; };
		7DAB98571DBC4989007F89E1 /* AppDelegate.swift */ = {isa = PBXFileReference; lastKnownFileType = sourcecode.swift; path = AppDelegate.swift; sourceTree = "<group>"; };
		7DAB98591DBC4989007F89E1 /* ViewController.swift */ = {isa = PBXFileReference; lastKnownFileType = sourcecode.swift; path = ViewController.swift; sourceTree = "<group>"; };
		7DAB985C1DBC4989007F89E1 /* Base */ = {isa = PBXFileReference; lastKnownFileType = file.storyboard; name = Base; path = Base.lproj/Main.storyboard; sourceTree = "<group>"; };
		7DAB985E1DBC4989007F89E1 /* Assets.xcassets */ = {isa = PBXFileReference; lastKnownFileType = folder.assetcatalog; path = Assets.xcassets; sourceTree = "<group>"; };
		7DAB98611DBC4989007F89E1 /* Base */ = {isa = PBXFileReference; lastKnownFileType = file.storyboard; name = Base; path = Base.lproj/LaunchScreen.storyboard; sourceTree = "<group>"; };
		7DAB98631DBC4989007F89E1 /* Info.plist */ = {isa = PBXFileReference; lastKnownFileType = text.plist.xml; path = Info.plist; sourceTree = "<group>"; };
		7DAB98691DBC4A46007F89E1 /* GoogleService-Info.plist */ = {isa = PBXFileReference; fileEncoding = 4; lastKnownFileType = text.plist.xml; path = "GoogleService-Info.plist"; sourceTree = "<group>"; };
		90B5FEA60D965E8FBADAB900 /* Pods-poke-finder.release.xcconfig */ = {isa = PBXFileReference; includeInIndex = 1; lastKnownFileType = text.xcconfig; name = "Pods-poke-finder.release.xcconfig"; path = "Pods/Target Support Files/Pods-poke-finder/Pods-poke-finder.release.xcconfig"; sourceTree = "<group>"; };
		EE84B6505CFE24699DF0BD72 /* Pods_poke_finder.framework */ = {isa = PBXFileReference; explicitFileType = wrapper.framework; includeInIndex = 0; path = Pods_poke_finder.framework; sourceTree = BUILT_PRODUCTS_DIR; };
/* End PBXFileReference section */

/* Begin PBXFrameworksBuildPhase section */
		7DAB98511DBC4989007F89E1 /* Frameworks */ = {
			isa = PBXFrameworksBuildPhase;
			buildActionMask = 2147483647;
			files = (
				D17B4F17CA09A766523ECA7D /* Pods_poke_finder.framework in Frameworks */,
			);
			runOnlyForDeploymentPostprocessing = 0;
		};
/* End PBXFrameworksBuildPhase section */

/* Begin PBXGroup section */
		07670BD54AC509DC1CC7A611 /* Pods */ = {
			isa = PBXGroup;
			children = (
				71A2856CE68AEFC78E099B22 /* Pods-poke-finder.debug.xcconfig */,
				90B5FEA60D965E8FBADAB900 /* Pods-poke-finder.release.xcconfig */,
			);
			name = Pods;
			sourceTree = "<group>";
		};
		74691681B1B182D2B1232978 /* Frameworks */ = {
			isa = PBXGroup;
			children = (
				EE84B6505CFE24699DF0BD72 /* Pods_poke_finder.framework */,
			);
			name = Frameworks;
			sourceTree = "<group>";
		};
		7DAB984B1DBC4989007F89E1 = {
			isa = PBXGroup;
			children = (
				7DAB98561DBC4989007F89E1 /* poke-finder */,
				7DAB98551DBC4989007F89E1 /* Products */,
				07670BD54AC509DC1CC7A611 /* Pods */,
				74691681B1B182D2B1232978 /* Frameworks */,
			);
			sourceTree = "<group>";
		};
		7DAB98551DBC4989007F89E1 /* Products */ = {
			isa = PBXGroup;
			children = (
				7DAB98541DBC4989007F89E1 /* poke-finder.app */,
			);
			name = Products;
			sourceTree = "<group>";
		};
		7DAB98561DBC4989007F89E1 /* poke-finder */ = {
			isa = PBXGroup;
			children = (
				7DAB98691DBC4A46007F89E1 /* GoogleService-Info.plist */,
				7DAB98571DBC4989007F89E1 /* AppDelegate.swift */,
				7DAB98591DBC4989007F89E1 /* ViewController.swift */,
				7DAB985B1DBC4989007F89E1 /* Main.storyboard */,
				7DAB985E1DBC4989007F89E1 /* Assets.xcassets */,
				7DAB98601DBC4989007F89E1 /* LaunchScreen.storyboard */,
				7DAB98631DBC4989007F89E1 /* Info.plist */,
			);
			path = "poke-finder";
			sourceTree = "<group>";
		};
/* End PBXGroup section */

/* Begin PBXNativeTarget section */
		7DAB98531DBC4989007F89E1 /* poke-finder */ = {
			isa = PBXNativeTarget;
			buildConfigurationList = 7DAB98661DBC4989007F89E1 /* Build configuration list for PBXNativeTarget "poke-finder" */;
			buildPhases = (
				FBE7E5CE4CA21679731363D5 /* [CP] Check Pods Manifest.lock */,
				7DAB98501DBC4989007F89E1 /* Sources */,
				7DAB98511DBC4989007F89E1 /* Frameworks */,
				7DAB98521DBC4989007F89E1 /* Resources */,
				79E51B070971AAD243783EA6 /* [CP] Embed Pods Frameworks */,
				5C0DE260F653A55FCC8F5084 /* [CP] Copy Pods Resources */,
			);
			buildRules = (
			);
			dependencies = (
			);
			name = "poke-finder";
			productName = "poke-finder";
			productReference = 7DAB98541DBC4989007F89E1 /* poke-finder.app */;
			productType = "com.apple.product-type.application";
		};
/* End PBXNativeTarget section */

/* Begin PBXProject section */
		7DAB984C1DBC4989007F89E1 /* Project object */ = {
			isa = PBXProject;
			attributes = {
				LastSwiftUpdateCheck = 0800;
				LastUpgradeCheck = 0800;
				ORGANIZATIONNAME = "Jason Ngo";
				TargetAttributes = {
					7DAB98531DBC4989007F89E1 = {
						CreatedOnToolsVersion = 8.0;
						DevelopmentTeam = 3TDSAUM76X;
						ProvisioningStyle = Automatic;
					};
				};
			};
			buildConfigurationList = 7DAB984F1DBC4989007F89E1 /* Build configuration list for PBXProject "poke-finder" */;
			compatibilityVersion = "Xcode 3.2";
			developmentRegion = English;
			hasScannedForEncodings = 0;
			knownRegions = (
				en,
				Base,
			);
			mainGroup = 7DAB984B1DBC4989007F89E1;
			productRefGroup = 7DAB98551DBC4989007F89E1 /* Products */;
			projectDirPath = "";
			projectRoot = "";
			targets = (
				7DAB98531DBC4989007F89E1 /* poke-finder */,
			);
		};
/* End PBXProject section */

/* Begin PBXResourcesBuildPhase section */
		7DAB98521DBC4989007F89E1 /* Resources */ = {
			isa = PBXResourcesBuildPhase;
			buildActionMask = 2147483647;
			files = (
				7DAB98621DBC4989007F89E1 /* LaunchScreen.storyboard in Resources */,
				7DAB986A1DBC4A46007F89E1 /* GoogleService-Info.plist in Resources */,
				7DAB985F1DBC4989007F89E1 /* Assets.xcassets in Resources */,
				7DAB985D1DBC4989007F89E1 /* Main.storyboard in Resources */,
			);
			runOnlyForDeploymentPostprocessing = 0;
		};
/* End PBXResourcesBuildPhase section */

/* Begin PBXShellScriptBuildPhase section */
		5C0DE260F653A55FCC8F5084 /* [CP] Copy Pods Resources */ = {
			isa = PBXShellScriptBuildPhase;
			buildActionMask = 2147483647;
			files = (
			);
			inputPaths = (
			);
			name = "[CP] Copy Pods Resources";
			outputPaths = (
			);
			runOnlyForDeploymentPostprocessing = 0;
			shellPath = /bin/sh;
			shellScript = "\"${SRCROOT}/Pods/Target Support Files/Pods-poke-finder/Pods-poke-finder-resources.sh\"\n";
			showEnvVarsInLog = 0;
		};
		79E51B070971AAD243783EA6 /* [CP] Embed Pods Frameworks */ = {
			isa = PBXShellScriptBuildPhase;
			buildActionMask = 2147483647;
			files = (
			);
			inputPaths = (
			);
			name = "[CP] Embed Pods Frameworks";
			outputPaths = (
			);
			runOnlyForDeploymentPostprocessing = 0;
			shellPath = /bin/sh;
			shellScript = "\"${SRCROOT}/Pods/Target Support Files/Pods-poke-finder/Pods-poke-finder-frameworks.sh\"\n";
			showEnvVarsInLog = 0;
		};
		FBE7E5CE4CA21679731363D5 /* [CP] Check Pods Manifest.lock */ = {
			isa = PBXShellScriptBuildPhase;
			buildActionMask = 2147483647;
			files = (
			);
			inputPaths = (
			);
			name = "[CP] Check Pods Manifest.lock";
			outputPaths = (
			);
			runOnlyForDeploymentPostprocessing = 0;
			shellPath = /bin/sh;
			shellScript = "diff \"${PODS_ROOT}/../Podfile.lock\" \"${PODS_ROOT}/Manifest.lock\" > /dev/null\nif [ $? != 0 ] ; then\n    # print error to STDERR\n    echo \"error: The sandbox is not in sync with the Podfile.lock. Run 'pod install' or update your CocoaPods installation.\" >&2\n    exit 1\nfi\n";
			showEnvVarsInLog = 0;
		};
/* End PBXShellScriptBuildPhase section */

/* Begin PBXSourcesBuildPhase section */
		7DAB98501DBC4989007F89E1 /* Sources */ = {
			isa = PBXSourcesBuildPhase;
			buildActionMask = 2147483647;
			files = (
				7DAB985A1DBC4989007F89E1 /* ViewController.swift in Sources */,
				7DAB98581DBC4989007F89E1 /* AppDelegate.swift in Sources */,
			);
			runOnlyForDeploymentPostprocessing = 0;
		};
/* End PBXSourcesBuildPhase section */

/* Begin PBXVariantGroup section */
		7DAB985B1DBC4989007F89E1 /* Main.storyboard */ = {
			isa = PBXVariantGroup;
			children = (
				7DAB985C1DBC4989007F89E1 /* Base */,
			);
			name = Main.storyboard;
			sourceTree = "<group>";
		};
		7DAB98601DBC4989007F89E1 /* LaunchScreen.storyboard */ = {
			isa = PBXVariantGroup;
			children = (
				7DAB98611DBC4989007F89E1 /* Base */,
			);
			name = LaunchScreen.storyboard;
			sourceTree = "<group>";
		};
/* End PBXVariantGroup section */

/* Begin XCBuildConfiguration section */
		7DAB98641DBC4989007F89E1 /* Debug */ = {
			isa = XCBuildConfiguration;
			buildSettings = {
				ALWAYS_SEARCH_USER_PATHS = NO;
				CLANG_ANALYZER_NONNULL = YES;
				CLANG_CXX_LANGUAGE_STANDARD = "gnu++0x";
				CLANG_CXX_LIBRARY = "libc++";
				CLANG_ENABLE_MODULES = YES;
				CLANG_ENABLE_OBJC_ARC = YES;
				CLANG_WARN_BOOL_CONVERSION = YES;
				CLANG_WARN_CONSTANT_CONVERSION = YES;
				CLANG_WARN_DIRECT_OBJC_ISA_USAGE = YES_ERROR;
				CLANG_WARN_DOCUMENTATION_COMMENTS = YES;
				CLANG_WARN_EMPTY_BODY = YES;
				CLANG_WARN_ENUM_CONVERSION = YES;
				CLANG_WARN_INFINITE_RECURSION = YES;
				CLANG_WARN_INT_CONVERSION = YES;
				CLANG_WARN_OBJC_ROOT_CLASS = YES_ERROR;
				CLANG_WARN_SUSPICIOUS_MOVES = YES;
				CLANG_WARN_UNREACHABLE_CODE = YES;
				CLANG_WARN__DUPLICATE_METHOD_MATCH = YES;
				"CODE_SIGN_IDENTITY[sdk=iphoneos*]" = "iPhone Developer";
				COPY_PHASE_STRIP = NO;
				DEBUG_INFORMATION_FORMAT = dwarf;
				ENABLE_STRICT_OBJC_MSGSEND = YES;
				ENABLE_TESTABILITY = YES;
				GCC_C_LANGUAGE_STANDARD = gnu99;
				GCC_DYNAMIC_NO_PIC = NO;
				GCC_NO_COMMON_BLOCKS = YES;
				GCC_OPTIMIZATION_LEVEL = 0;
				GCC_PREPROCESSOR_DEFINITIONS = (
					"DEBUG=1",
					"$(inherited)",
				);
				GCC_WARN_64_TO_32_BIT_CONVERSION = YES;
				GCC_WARN_ABOUT_RETURN_TYPE = YES_ERROR;
				GCC_WARN_UNDECLARED_SELECTOR = YES;
				GCC_WARN_UNINITIALIZED_AUTOS = YES_AGGRESSIVE;
				GCC_WARN_UNUSED_FUNCTION = YES;
				GCC_WARN_UNUSED_VARIABLE = YES;
				IPHONEOS_DEPLOYMENT_TARGET = 10.0;
				MTL_ENABLE_DEBUG_INFO = YES;
				ONLY_ACTIVE_ARCH = YES;
				SDKROOT = iphoneos;
				SWIFT_ACTIVE_COMPILATION_CONDITIONS = DEBUG;
				SWIFT_OPTIMIZATION_LEVEL = "-Onone";
			};
			name = Debug;
		};
		7DAB98651DBC4989007F89E1 /* Release */ = {
			isa = XCBuildConfiguration;
			buildSettings = {
				ALWAYS_SEARCH_USER_PATHS = NO;
				CLANG_ANALYZER_NONNULL = YES;
				CLANG_CXX_LANGUAGE_STANDARD = "gnu++0x";
				CLANG_CXX_LIBRARY = "libc++";
				CLANG_ENABLE_MODULES = YES;
				CLANG_ENABLE_OBJC_ARC = YES;
				CLANG_WARN_BOOL_CONVERSION = YES;
				CLANG_WARN_CONSTANT_CONVERSION = YES;
				CLANG_WARN_DIRECT_OBJC_ISA_USAGE = YES_ERROR;
				CLANG_WARN_DOCUMENTATION_COMMENTS = YES;
				CLANG_WARN_EMPTY_BODY = YES;
				CLANG_WARN_ENUM_CONVERSION = YES;
				CLANG_WARN_INFINITE_RECURSION = YES;
				CLANG_WARN_INT_CONVERSION = YES;
				CLANG_WARN_OBJC_ROOT_CLASS = YES_ERROR;
				CLANG_WARN_SUSPICIOUS_MOVES = YES;
				CLANG_WARN_UNREACHABLE_CODE = YES;
				CLANG_WARN__DUPLICATE_METHOD_MATCH = YES;
				"CODE_SIGN_IDENTITY[sdk=iphoneos*]" = "iPhone Developer";
				COPY_PHASE_STRIP = NO;
				DEBUG_INFORMATION_FORMAT = "dwarf-with-dsym";
				ENABLE_NS_ASSERTIONS = NO;
				ENABLE_STRICT_OBJC_MSGSEND = YES;
				GCC_C_LANGUAGE_STANDARD = gnu99;
				GCC_NO_COMMON_BLOCKS = YES;
				GCC_WARN_64_TO_32_BIT_CONVERSION = YES;
				GCC_WARN_ABOUT_RETURN_TYPE = YES_ERROR;
				GCC_WARN_UNDECLARED_SELECTOR = YES;
				GCC_WARN_UNINITIALIZED_AUTOS = YES_AGGRESSIVE;
				GCC_WARN_UNUSED_FUNCTION = YES;
				GCC_WARN_UNUSED_VARIABLE = YES;
				IPHONEOS_DEPLOYMENT_TARGET = 10.0;
				MTL_ENABLE_DEBUG_INFO = NO;
				SDKROOT = iphoneos;
				SWIFT_OPTIMIZATION_LEVEL = "-Owholemodule";
				VALIDATE_PRODUCT = YES;
			};
			name = Release;
		};
		7DAB98671DBC4989007F89E1 /* Debug */ = {
			isa = XCBuildConfiguration;
			baseConfigurationReference = 71A2856CE68AEFC78E099B22 /* Pods-poke-finder.debug.xcconfig */;
			buildSettings = {
				ASSETCATALOG_COMPILER_APPICON_NAME = AppIcon;
				DEVELOPMENT_TEAM = 3TDSAUM76X;
				INFOPLIST_FILE = "poke-finder/Info.plist";
				LD_RUNPATH_SEARCH_PATHS = "$(inherited) @executable_path/Frameworks";
				PRODUCT_BUNDLE_IDENTIFIER = "ngo.jason.poke-finder";
				PRODUCT_NAME = "$(TARGET_NAME)";
				SWIFT_VERSION = 3.0;
			};
			name = Debug;
		};
		7DAB98681DBC4989007F89E1 /* Release */ = {
			isa = XCBuildConfiguration;
			baseConfigurationReference = 90B5FEA60D965E8FBADAB900 /* Pods-poke-finder.release.xcconfig */;
			buildSettings = {
				ASSETCATALOG_COMPILER_APPICON_NAME = AppIcon;
				DEVELOPMENT_TEAM = 3TDSAUM76X;
				INFOPLIST_FILE = "poke-finder/Info.plist";
				LD_RUNPATH_SEARCH_PATHS = "$(inherited) @executable_path/Frameworks";
				PRODUCT_BUNDLE_IDENTIFIER = "ngo.jason.poke-finder";
				PRODUCT_NAME = "$(TARGET_NAME)";
				SWIFT_VERSION = 3.0;
			};
			name = Release;
		};
/* End XCBuildConfiguration section */

/* Begin XCConfigurationList section */
		7DAB984F1DBC4989007F89E1 /* Build configuration list for PBXProject "poke-finder" */ = {
			isa = XCConfigurationList;
			buildConfigurations = (
				7DAB98641DBC4989007F89E1 /* Debug */,
				7DAB98651DBC4989007F89E1 /* Release */,
			);
			defaultConfigurationIsVisible = 0;
			defaultConfigurationName = Release;
		};
		7DAB98661DBC4989007F89E1 /* Build configuration list for PBXNativeTarget "poke-finder" */ = {
			isa = XCConfigurationList;
			buildConfigurations = (
				7DAB98671DBC4989007F89E1 /* Debug */,
				7DAB98681DBC4989007F89E1 /* Release */,
			);
			defaultConfigurationIsVisible = 0;
			defaultConfigurationName = Release;
		};
/* End XCConfigurationList section */
	};
	rootObject = 7DAB984C1DBC4989007F89E1 /* Project object */;
}
